
Microsoft Visual Studio Solution File, Format Version 12.00
# Visual Studio Version 17
VisualStudioVersion = 17.10.34928.147
MinimumVisualStudioVersion = 10.0.40219.1
Project("{9A19103F-16F7-4668-BE54-9A1E7A4F7556}") = "bpkp-be", "bpkp-be\bpkp-be.csproj", "{DDEFA717-9108-4F99-961C-B20F7D6EEC44}"
EndProject
Global
	GlobalSection(SolutionConfigurationPlatforms) = preSolution
		Debug|Any CPU = Debug|Any CPU
		Release|Any CPU = Release|Any CPU
	EndGlobalSection
	GlobalSection(ProjectConfigurationPlatforms) = postSolution
		{DDEFA717-9108-4F99-961C-B20F7D6EEC44}.Debug|Any CPU.ActiveCfg = Debug|Any CPU
		{DDEFA717-9108-4F99-961C-B20F7D6EEC44}.Debug|Any CPU.Build.0 = Debug|Any CPU
		{DDEFA717-9108-4F99-961C-B20F7D6EEC44}.Release|Any CPU.ActiveCfg = Release|Any CPU
		{DDEFA717-9108-4F99-961C-B20F7D6EEC44}.Release|Any CPU.Build.0 = Release|Any CPU
	EndGlobalSection
	GlobalSection(SolutionProperties) = preSolution
		HideSolutionNode = FALSE
	EndGlobalSection
	GlobalSection(ExtensibilityGlobals) = postSolution
		SolutionGuid = {605F27A7-8C23-4810-8759-A54A52149BB2}
	EndGlobalSection
EndGlobal
